
Microsoft Visual Studio Solution File, Format Version 12.00
# Visual Studio Version 17
VisualStudioVersion = 17.5.2.0
MinimumVisualStudioVersion = 10.0.40219.1
Project("{FAE04EC0-301F-11D3-BF4B-00C04F79EFBC}") = "ConsoleApp3", "ConsoleApp3.csproj", "{1DB8E34D-536D-0780-CF22-6565F93EE632}"
EndProject
Project("{FAE04EC0-301F-11D3-BF4B-00C04F79EFBC}") = "ConsoleApp4", "..\ConsoleApp4\ConsoleApp4.csproj", "{15E8B89E-7112-4569-BD55-FAF5C9FA15D7}"
EndProject
Global
	GlobalSection(SolutionConfigurationPlatforms) = preSolution
		Debug|Any CPU = Debug|Any CPU
		Debug|x64 = Debug|x64
		Debug|x86 = Debug|x86
		Release|Any CPU = Release|Any CPU
		Release|x64 = Release|x64
		Release|x86 = Release|x86
	EndGlobalSection
	GlobalSection(ProjectConfigurationPlatforms) = postSolution
		{1DB8E34D-536D-0780-CF22-6565F93EE632}.Debug|Any CPU.ActiveCfg = Debug|Any CPU
		{1DB8E34D-536D-0780-CF22-6565F93EE632}.Debug|Any CPU.Build.0 = Debug|Any CPU
		{1DB8E34D-536D-0780-CF22-6565F93EE632}.Debug|x64.ActiveCfg = Debug|Any CPU
		{1DB8E34D-536D-0780-CF22-6565F93EE632}.Debug|x64.Build.0 = Debug|Any CPU
		{1DB8E34D-536D-0780-CF22-6565F93EE632}.Debug|x86.ActiveCfg = Debug|Any CPU
		{1DB8E34D-536D-0780-CF22-6565F93EE632}.Debug|x86.Build.0 = Debug|Any CPU
		{1DB8E34D-536D-0780-CF22-6565F93EE632}.Release|Any CPU.ActiveCfg = Release|Any CPU
		{1DB8E34D-536D-0780-CF22-6565F93EE632}.Release|Any CPU.Build.0 = Release|Any CPU
		{1DB8E34D-536D-0780-CF22-6565F93EE632}.Release|x64.ActiveCfg = Release|Any CPU
		{1DB8E34D-536D-0780-CF22-6565F93EE632}.Release|x64.Build.0 = Release|Any CPU
		{1DB8E34D-536D-0780-CF22-6565F93EE632}.Release|x86.ActiveCfg = Release|Any CPU
		{1DB8E34D-536D-0780-CF22-6565F93EE632}.Release|x86.Build.0 = Release|Any CPU
		{15E8B89E-7112-4569-BD55-FAF5C9FA15D7}.Debug|Any CPU.ActiveCfg = Debug|Any CPU
		{15E8B89E-7112-4569-BD55-FAF5C9FA15D7}.Debug|Any CPU.Build.0 = Debug|Any CPU
		{15E8B89E-7112-4569-BD55-FAF5C9FA15D7}.Debug|x64.ActiveCfg = Debug|Any CPU
		{15E8B89E-7112-4569-BD55-FAF5C9FA15D7}.Debug|x64.Build.0 = Debug|Any CPU
		{15E8B89E-7112-4569-BD55-FAF5C9FA15D7}.Debug|x86.ActiveCfg = Debug|Any CPU
		{15E8B89E-7112-4569-BD55-FAF5C9FA15D7}.Debug|x86.Build.0 = Debug|Any CPU
		{15E8B89E-7112-4569-BD55-FAF5C9FA15D7}.Release|Any CPU.ActiveCfg = Release|Any CPU
		{15E8B89E-7112-4569-BD55-FAF5C9FA15D7}.Release|Any CPU.Build.0 = Release|Any CPU
		{15E8B89E-7112-4569-BD55-FAF5C9FA15D7}.Release|x64.ActiveCfg = Release|Any CPU
		{15E8B89E-7112-4569-BD55-FAF5C9FA15D7}.Release|x64.Build.0 = Release|Any CPU
		{15E8B89E-7112-4569-BD55-FAF5C9FA15D7}.Release|x86.ActiveCfg = Release|Any CPU
		{15E8B89E-7112-4569-BD55-FAF5C9FA15D7}.Release|x86.Build.0 = Release|Any CPU
	EndGlobalSection
	GlobalSection(SolutionProperties) = preSolution
		HideSolutionNode = FALSE
	EndGlobalSection
	GlobalSection(ExtensibilityGlobals) = postSolution
		SolutionGuid = {DF05F68E-9F2A-44FB-900E-EEA3728C920C}
	EndGlobalSection
EndGlobal
